
Microsoft Visual Studio Solution File, Format Version 12.00
# Visual Studio Version 16
VisualStudioVersion = 16.0.31624.102
MinimumVisualStudioVersion = 10.0.40219.1
Project("{FAE04EC0-301F-11D3-BF4B-00C04F79EFBC}") = "randomlyOpenDoors", "randomlyOpenDoors\randomlyOpenDoors.csproj", "{8F55EF14-A9E1-47C6-BB09-BB3372B0B6B0}"
EndProject
Global
	GlobalSection(SolutionConfigurationPlatforms) = preSolution
		Debug|Any CPU = Debug|Any CPU
		Release|Any CPU = Release|Any CPU
	EndGlobalSection
	GlobalSection(ProjectConfigurationPlatforms) = postSolution
		{8F55EF14-A9E1-47C6-BB09-BB3372B0B6B0}.Debug|Any CPU.ActiveCfg = Debug|Any CPU
		{8F55EF14-A9E1-47C6-BB09-BB3372B0B6B0}.Debug|Any CPU.Build.0 = Debug|Any CPU
		{8F55EF14-A9E1-47C6-BB09-BB3372B0B6B0}.Release|Any CPU.ActiveCfg = Release|Any CPU
		{8F55EF14-A9E1-47C6-BB09-BB3372B0B6B0}.Release|Any CPU.Build.0 = Release|Any CPU
	EndGlobalSection
	GlobalSection(SolutionProperties) = preSolution
		HideSolutionNode = FALSE
	EndGlobalSection
	GlobalSection(ExtensibilityGlobals) = postSolution
		SolutionGuid = {DDFEABDA-DC4C-4F61-82BB-DA33F6948959}
	EndGlobalSection
EndGlobal
